
Microsoft Visual Studio Solution File, Format Version 12.00
# Visual Studio Version 16
VisualStudioVersion = 16.0.30320.27
MinimumVisualStudioVersion = 10.0.40219.1
Project("{9A19103F-16F7-4668-BE54-9A1E7A4F7556}") = "BlazorMentorApp.Models", "BlazorMentorApp.Models\BlazorMentorApp.Models.csproj", "{0012DA14-D7FB-4EC3-9C17-CA4F81C155C8}"
EndProject
Project("{9A19103F-16F7-4668-BE54-9A1E7A4F7556}") = "BlazorMentorApp.Web", "BlazorMentorApp.Web\BlazorMentorApp.Web.csproj", "{CE4D0F1F-5F41-4DB9-BBFC-6DBB1873A6D0}"
EndProject
Project("{9A19103F-16F7-4668-BE54-9A1E7A4F7556}") = "BlazorMentorApp.Api", "BlazorMentorApp.Api\BlazorMentorApp.Api.csproj", "{86701162-13B1-4124-86F3-8908498F9BAC}"
EndProject
Global
	GlobalSection(SolutionConfigurationPlatforms) = preSolution
		Debug|Any CPU = Debug|Any CPU
		Release|Any CPU = Release|Any CPU
	EndGlobalSection
	GlobalSection(ProjectConfigurationPlatforms) = postSolution
		{0012DA14-D7FB-4EC3-9C17-CA4F81C155C8}.Debug|Any CPU.ActiveCfg = Debug|Any CPU
		{0012DA14-D7FB-4EC3-9C17-CA4F81C155C8}.Debug|Any CPU.Build.0 = Debug|Any CPU
		{0012DA14-D7FB-4EC3-9C17-CA4F81C155C8}.Release|Any CPU.ActiveCfg = Release|Any CPU
		{0012DA14-D7FB-4EC3-9C17-CA4F81C155C8}.Release|Any CPU.Build.0 = Release|Any CPU
		{CE4D0F1F-5F41-4DB9-BBFC-6DBB1873A6D0}.Debug|Any CPU.ActiveCfg = Debug|Any CPU
		{CE4D0F1F-5F41-4DB9-BBFC-6DBB1873A6D0}.Debug|Any CPU.Build.0 = Debug|Any CPU
		{CE4D0F1F-5F41-4DB9-BBFC-6DBB1873A6D0}.Release|Any CPU.ActiveCfg = Release|Any CPU
		{CE4D0F1F-5F41-4DB9-BBFC-6DBB1873A6D0}.Release|Any CPU.Build.0 = Release|Any CPU
		{86701162-13B1-4124-86F3-8908498F9BAC}.Debug|Any CPU.ActiveCfg = Debug|Any CPU
		{86701162-13B1-4124-86F3-8908498F9BAC}.Debug|Any CPU.Build.0 = Debug|Any CPU
		{86701162-13B1-4124-86F3-8908498F9BAC}.Release|Any CPU.ActiveCfg = Release|Any CPU
		{86701162-13B1-4124-86F3-8908498F9BAC}.Release|Any CPU.Build.0 = Release|Any CPU
	EndGlobalSection
	GlobalSection(SolutionProperties) = preSolution
		HideSolutionNode = FALSE
	EndGlobalSection
	GlobalSection(ExtensibilityGlobals) = postSolution
		SolutionGuid = {DE47E08E-5388-4CCE-930A-6939C03C5A4D}
	EndGlobalSection
EndGlobal
